# generated by rye
# use `rye lock` or `rye sync` to update this lockfile
#
# last locked with the following flags:
#   pre: false
#   features: []
#   all-features: false
#   with-sources: false
#   generate-hashes: false
#   universal: false

atwiki-python==0.0.11
beautifulsoup4==4.12.3
    # via atwiki-python
certifi==2024.8.30
    # via requests
charset-normalizer==3.3.2
    # via requests
frontmatter==3.0.8
html5lib==1.1
    # via atwiki-python
idna==3.10
    # via requests
pyyaml==5.1
    # via frontmatter
requests==2.32.3
six==1.16.0
    # via html5lib
soupsieve==2.6
    # via beautifulsoup4
tqdm==4.66.5
urllib3==2.2.3
    # via requests
webencodings==0.5.1
    # via html5lib
